
Microsoft Visual Studio Solution File, Format Version 12.00
# Visual Studio Version 17
VisualStudioVersion = 17.0.31903.59
MinimumVisualStudioVersion = 10.0.40219.1
Project("{2150E333-8FDC-42A3-9474-1A3956D46DE8}") = "src", "src", "{F167FFE0-5642-4C1F-97CC-8747134CB6F4}"
	ProjectSection(SolutionItems) = preProject
		src\nuget-icon.png = src\nuget-icon.png
	EndProjectSection
EndProject
Project("{2150E333-8FDC-42A3-9474-1A3956D46DE8}") = "Solution Items", "Solution Items", "{0747FE8E-1561-42DC-8845-8D9D038D75C8}"
	ProjectSection(SolutionItems) = preProject
		.dockerignore = .dockerignore
		.editorconfig = .editorconfig
		.gitattributes = .gitattributes
		.gitignore = .gitignore
		buildenv.cmd = buildenv.cmd
		buildenv.ps1 = buildenv.ps1
		Directory.Build.props = Directory.Build.props
		global.json = global.json
		LICENSE = LICENSE
		nuget.config = nuget.config
		publish-dev.ps1 = publish-dev.ps1
		publish-public.ps1 = publish-public.ps1
		README.md = README.md
	EndProjectSection
EndProject
Project("{2150E333-8FDC-42A3-9474-1A3956D46DE8}") = "test", "test", "{74209E85-B0D5-4D77-911F-CC2779695961}"
EndProject
Project("{9A19103F-16F7-4668-BE54-9A1E7A4F7556}") = "test-operator", "test\test-operator\test-operator.csproj", "{EFA79EF9-859C-44BE-8358-0CEA35019327}"
EndProject
Project("{9A19103F-16F7-4668-BE54-9A1E7A4F7556}") = "Neon.Operator", "src\Neon.Operator\Neon.Operator.csproj", "{D19C870C-7B86-487E-B4C8-8CC5AC4E5B4B}"
EndProject
Project("{9A19103F-16F7-4668-BE54-9A1E7A4F7556}") = "Neon.Operator.Analyzers", "src\Neon.Operator.Analyzers\Neon.Operator.Analyzers.csproj", "{8EE10F3D-38AA-471A-B82C-6A8C8B6377EE}"
EndProject
Project("{9A19103F-16F7-4668-BE54-9A1E7A4F7556}") = "Neon.Operator.Core", "src\Neon.Operator.Core\Neon.Operator.Core.csproj", "{F56982BB-3DA6-4944-B43F-0F09C578EBE9}"
EndProject
Project("{9A19103F-16F7-4668-BE54-9A1E7A4F7556}") = "Neon.Operator.Templates", "src\Neon.Operator.Templates\Neon.Operator.Templates.csproj", "{81D429C7-3ED1-484A-9B9A-D0F72B6B65F0}"
EndProject
Project("{9A19103F-16F7-4668-BE54-9A1E7A4F7556}") = "Neon.Operator.Xunit", "src\Neon.Operator.Xunit\Neon.Operator.Xunit.csproj", "{EE37F498-B064-4AF0-983C-7FD33E356FFB}"
EndProject
Project("{9A19103F-16F7-4668-BE54-9A1E7A4F7556}") = "Neon.Kubernetes", "src\Neon.Kubernetes\Neon.Kubernetes.csproj", "{3F8D120C-C510-47F5-BFD9-A20F16980A48}"
EndProject
Project("{9A19103F-16F7-4668-BE54-9A1E7A4F7556}") = "Test.Analyzers", "test\Test.Analyzers\Test.Analyzers.csproj", "{A9E56C5B-3186-4697-9FBF-B7CD54774A9C}"
EndProject
Project("{9A19103F-16F7-4668-BE54-9A1E7A4F7556}") = "Test.Neon.Operator", "test\Test.Neon.Operator\Test.Neon.Operator.csproj", "{A8A9248F-3CED-4932-851A-F4CF04769BE2}"
EndProject
Project("{2150E333-8FDC-42A3-9474-1A3956D46DE8}") = "GitHub", "GitHub", "{E25EE7EA-EEC3-4D01-A9ED-20B036E0E81A}"
	ProjectSection(SolutionItems) = preProject
		.editorconfig = .editorconfig
		.gitattributes = .gitattributes
		.gitignore = .gitignore
		buildenv.cmd = buildenv.cmd
		buildenv.ps1 = buildenv.ps1
		Directory.Build.props = Directory.Build.props
		global.json = global.json
		LICENSE = LICENSE
		nuget.config = nuget.config
	EndProjectSection
EndProject
Project("{9A19103F-16F7-4668-BE54-9A1E7A4F7556}") = "Neon.Kubernetes.Resources", "src\Neon.Kubernetes.Resources\Neon.Kubernetes.Resources.csproj", "{037EEE6A-CC11-4D42-954F-2561EA726654}"
EndProject
Project("{9A19103F-16F7-4668-BE54-9A1E7A4F7556}") = "Neon.Kubernetes.Core", "src\Neon.Kubernetes.Core\Neon.Kubernetes.Core.csproj", "{64267722-3635-46C0-B9F0-10C38E322E65}"
EndProject
Global
	GlobalSection(SolutionConfigurationPlatforms) = preSolution
		Debug|Any CPU = Debug|Any CPU
		Release|Any CPU = Release|Any CPU
	EndGlobalSection
	GlobalSection(ProjectConfigurationPlatforms) = postSolution
		{EFA79EF9-859C-44BE-8358-0CEA35019327}.Debug|Any CPU.ActiveCfg = Debug|Any CPU
		{EFA79EF9-859C-44BE-8358-0CEA35019327}.Debug|Any CPU.Build.0 = Debug|Any CPU
		{EFA79EF9-859C-44BE-8358-0CEA35019327}.Release|Any CPU.ActiveCfg = Release|Any CPU
		{EFA79EF9-859C-44BE-8358-0CEA35019327}.Release|Any CPU.Build.0 = Release|Any CPU
		{D19C870C-7B86-487E-B4C8-8CC5AC4E5B4B}.Debug|Any CPU.ActiveCfg = Debug|Any CPU
		{D19C870C-7B86-487E-B4C8-8CC5AC4E5B4B}.Debug|Any CPU.Build.0 = Debug|Any CPU
		{D19C870C-7B86-487E-B4C8-8CC5AC4E5B4B}.Release|Any CPU.ActiveCfg = Release|Any CPU
		{D19C870C-7B86-487E-B4C8-8CC5AC4E5B4B}.Release|Any CPU.Build.0 = Release|Any CPU
		{8EE10F3D-38AA-471A-B82C-6A8C8B6377EE}.Debug|Any CPU.ActiveCfg = Debug|Any CPU
		{8EE10F3D-38AA-471A-B82C-6A8C8B6377EE}.Debug|Any CPU.Build.0 = Debug|Any CPU
		{8EE10F3D-38AA-471A-B82C-6A8C8B6377EE}.Release|Any CPU.ActiveCfg = Release|Any CPU
		{8EE10F3D-38AA-471A-B82C-6A8C8B6377EE}.Release|Any CPU.Build.0 = Release|Any CPU
		{F56982BB-3DA6-4944-B43F-0F09C578EBE9}.Debug|Any CPU.ActiveCfg = Debug|Any CPU
		{F56982BB-3DA6-4944-B43F-0F09C578EBE9}.Debug|Any CPU.Build.0 = Debug|Any CPU
		{F56982BB-3DA6-4944-B43F-0F09C578EBE9}.Release|Any CPU.ActiveCfg = Release|Any CPU
		{F56982BB-3DA6-4944-B43F-0F09C578EBE9}.Release|Any CPU.Build.0 = Release|Any CPU
		{81D429C7-3ED1-484A-9B9A-D0F72B6B65F0}.Debug|Any CPU.ActiveCfg = Debug|Any CPU
		{81D429C7-3ED1-484A-9B9A-D0F72B6B65F0}.Debug|Any CPU.Build.0 = Debug|Any CPU
		{81D429C7-3ED1-484A-9B9A-D0F72B6B65F0}.Release|Any CPU.ActiveCfg = Release|Any CPU
		{81D429C7-3ED1-484A-9B9A-D0F72B6B65F0}.Release|Any CPU.Build.0 = Release|Any CPU
		{EE37F498-B064-4AF0-983C-7FD33E356FFB}.Debug|Any CPU.ActiveCfg = Debug|Any CPU
		{EE37F498-B064-4AF0-983C-7FD33E356FFB}.Debug|Any CPU.Build.0 = Debug|Any CPU
		{EE37F498-B064-4AF0-983C-7FD33E356FFB}.Release|Any CPU.ActiveCfg = Release|Any CPU
		{EE37F498-B064-4AF0-983C-7FD33E356FFB}.Release|Any CPU.Build.0 = Release|Any CPU
		{3F8D120C-C510-47F5-BFD9-A20F16980A48}.Debug|Any CPU.ActiveCfg = Debug|Any CPU
		{3F8D120C-C510-47F5-BFD9-A20F16980A48}.Debug|Any CPU.Build.0 = Debug|Any CPU
		{3F8D120C-C510-47F5-BFD9-A20F16980A48}.Release|Any CPU.ActiveCfg = Release|Any CPU
		{3F8D120C-C510-47F5-BFD9-A20F16980A48}.Release|Any CPU.Build.0 = Release|Any CPU
		{A9E56C5B-3186-4697-9FBF-B7CD54774A9C}.Debug|Any CPU.ActiveCfg = Debug|Any CPU
		{A9E56C5B-3186-4697-9FBF-B7CD54774A9C}.Debug|Any CPU.Build.0 = Debug|Any CPU
		{A9E56C5B-3186-4697-9FBF-B7CD54774A9C}.Release|Any CPU.ActiveCfg = Release|Any CPU
		{A9E56C5B-3186-4697-9FBF-B7CD54774A9C}.Release|Any CPU.Build.0 = Release|Any CPU
		{A8A9248F-3CED-4932-851A-F4CF04769BE2}.Debug|Any CPU.ActiveCfg = Debug|Any CPU
		{A8A9248F-3CED-4932-851A-F4CF04769BE2}.Debug|Any CPU.Build.0 = Debug|Any CPU
		{A8A9248F-3CED-4932-851A-F4CF04769BE2}.Release|Any CPU.ActiveCfg = Release|Any CPU
		{A8A9248F-3CED-4932-851A-F4CF04769BE2}.Release|Any CPU.Build.0 = Release|Any CPU
		{037EEE6A-CC11-4D42-954F-2561EA726654}.Debug|Any CPU.ActiveCfg = Debug|Any CPU
		{037EEE6A-CC11-4D42-954F-2561EA726654}.Debug|Any CPU.Build.0 = Debug|Any CPU
		{037EEE6A-CC11-4D42-954F-2561EA726654}.Release|Any CPU.ActiveCfg = Release|Any CPU
		{037EEE6A-CC11-4D42-954F-2561EA726654}.Release|Any CPU.Build.0 = Release|Any CPU
		{64267722-3635-46C0-B9F0-10C38E322E65}.Debug|Any CPU.ActiveCfg = Debug|Any CPU
		{64267722-3635-46C0-B9F0-10C38E322E65}.Debug|Any CPU.Build.0 = Debug|Any CPU
		{64267722-3635-46C0-B9F0-10C38E322E65}.Release|Any CPU.ActiveCfg = Release|Any CPU
		{64267722-3635-46C0-B9F0-10C38E322E65}.Release|Any CPU.Build.0 = Release|Any CPU
	EndGlobalSection
	GlobalSection(SolutionProperties) = preSolution
		HideSolutionNode = FALSE
	EndGlobalSection
	GlobalSection(NestedProjects) = preSolution
		{EFA79EF9-859C-44BE-8358-0CEA35019327} = {74209E85-B0D5-4D77-911F-CC2779695961}
		{D19C870C-7B86-487E-B4C8-8CC5AC4E5B4B} = {F167FFE0-5642-4C1F-97CC-8747134CB6F4}
		{8EE10F3D-38AA-471A-B82C-6A8C8B6377EE} = {F167FFE0-5642-4C1F-97CC-8747134CB6F4}
		{F56982BB-3DA6-4944-B43F-0F09C578EBE9} = {F167FFE0-5642-4C1F-97CC-8747134CB6F4}
		{81D429C7-3ED1-484A-9B9A-D0F72B6B65F0} = {F167FFE0-5642-4C1F-97CC-8747134CB6F4}
		{EE37F498-B064-4AF0-983C-7FD33E356FFB} = {F167FFE0-5642-4C1F-97CC-8747134CB6F4}
		{3F8D120C-C510-47F5-BFD9-A20F16980A48} = {F167FFE0-5642-4C1F-97CC-8747134CB6F4}
		{A9E56C5B-3186-4697-9FBF-B7CD54774A9C} = {74209E85-B0D5-4D77-911F-CC2779695961}
		{A8A9248F-3CED-4932-851A-F4CF04769BE2} = {74209E85-B0D5-4D77-911F-CC2779695961}
		{037EEE6A-CC11-4D42-954F-2561EA726654} = {F167FFE0-5642-4C1F-97CC-8747134CB6F4}
		{64267722-3635-46C0-B9F0-10C38E322E65} = {F167FFE0-5642-4C1F-97CC-8747134CB6F4}
	EndGlobalSection
	GlobalSection(ExtensibilityGlobals) = postSolution
		SolutionGuid = {996559D3-B593-4229-B485-5D53DF94BE60}
	EndGlobalSection
EndGlobal
